PODS:
  - Flutter (1.0.0)
  - GA-SDK-IOS (5.0.0)
  - gameanalytics_sdk (1.3.1):
    - Flutter
    - GA-SDK-IOS (= 5.0.0)

DEPENDENCIES:
  - Flutter (from `Flutter`)
  - gameanalytics_sdk (from `.symlinks/plugins/gameanalytics_sdk/ios`)

SPEC REPOS:
  trunk:
    - GA-SDK-IOS

EXTERNAL SOURCES:
  Flutter:
    :path: Flutter
  gameanalytics_sdk:
    :path: ".symlinks/plugins/gameanalytics_sdk/ios"

SPEC CHECKSUMS:
  Flutter: cabc95a1d2626b1b06e7179b784ebcf0c0cde467
  GA-SDK-IOS: 1bd8210bd7b34d2b4ff1f574718183ba3af91383
  gameanalytics_sdk: 9f19afb1fa6a251aecd0e4669b16a72b8e451eef

PODFILE CHECKSUM: 3ce3a3b82c5cf6a622cb22850b0afa4ee279bea6

COCOAPODS: 1.17.0
